
Microsoft Visual Studio Solution File, Format Version 12.00
# Visual Studio 15
VisualStudioVersion = 15.0.26730.8
MinimumVisualStudioVersion = 10.0.40219.1
Project("{FAE04EC0-301F-11D3-BF4B-00C04F79EFBC}") = "RecentSearch.Android", "RecentSearch\RecentSearch.Android\RecentSearch.Android.csproj", "{10F4EB1C-17A2-4243-94DF-A86734514039}"
EndProject
Project("{FAE04EC0-301F-11D3-BF4B-00C04F79EFBC}") = "RecentSearch", "RecentSearch\RecentSearch\RecentSearch.csproj", "{8B6654A2-CD8C-4BEA-94B2-6E59DFBA5BF8}"
EndProject
Project("{FAE04EC0-301F-11D3-BF4B-00C04F79EFBC}") = "RecentSearch.UWP", "RecentSearch\RecentSearch.UWP\RecentSearch.UWP.csproj", "{3EB2EDFB-7847-4E08-BF0C-AC762E970DEE}"
EndProject
Project("{FAE04EC0-301F-11D3-BF4B-00C04F79EFBC}") = "RecentSearch.iOS", "RecentSearch\RecentSearch.iOS\RecentSearch.iOS.csproj", "{0F26B790-1CCF-4816-8B62-E7C72C04425F}"
EndProject
Global
	GlobalSection(SolutionConfigurationPlatforms) = preSolution
		Ad-Hoc|Any CPU = Ad-Hoc|Any CPU
		Ad-Hoc|ARM = Ad-Hoc|ARM
		Ad-Hoc|iPhone = Ad-Hoc|iPhone
		Ad-Hoc|iPhoneSimulator = Ad-Hoc|iPhoneSimulator
		Ad-Hoc|x64 = Ad-Hoc|x64
		Ad-Hoc|x86 = Ad-Hoc|x86
		AppStore|Any CPU = AppStore|Any CPU
		AppStore|ARM = AppStore|ARM
		AppStore|iPhone = AppStore|iPhone
		AppStore|iPhoneSimulator = AppStore|iPhoneSimulator
		AppStore|x64 = AppStore|x64
		AppStore|x86 = AppStore|x86
		Debug|Any CPU = Debug|Any CPU
		Debug|ARM = Debug|ARM
		Debug|iPhone = Debug|iPhone
		Debug|iPhoneSimulator = Debug|iPhoneSimulator
		Debug|x64 = Debug|x64
		Debug|x86 = Debug|x86
		Release|Any CPU = Release|Any CPU
		Release|ARM = Release|ARM
		Release|iPhone = Release|iPhone
		Release|iPhoneSimulator = Release|iPhoneSimulator
		Release|x64 = Release|x64
		Release|x86 = Release|x86
	EndGlobalSection
	GlobalSection(ProjectConfigurationPlatforms) = postSolution
		{10F4EB1C-17A2-4243-94DF-A86734514039}.Ad-Hoc|Any CPU.ActiveCfg = Release|Any CPU
		{10F4EB1C-17A2-4243-94DF-A86734514039}.Ad-Hoc|Any CPU.Build.0 = Release|Any CPU
		{10F4EB1C-17A2-4243-94DF-A86734514039}.Ad-Hoc|Any CPU.Deploy.0 = Release|Any CPU
		{10F4EB1C-17A2-4243-94DF-A86734514039}.Ad-Hoc|ARM.ActiveCfg = Release|Any CPU
		{10F4EB1C-17A2-4243-94DF-A86734514039}.Ad-Hoc|ARM.Build.0 = Release|Any CPU
		{10F4EB1C-17A2-4243-94DF-A86734514039}.Ad-Hoc|ARM.Deploy.0 = Release|Any CPU
		{10F4EB1C-17A2-4243-94DF-A86734514039}.Ad-Hoc|iPhone.ActiveCfg = Release|Any CPU
		{10F4EB1C-17A2-4243-94DF-A86734514039}.Ad-Hoc|iPhone.Build.0 = Release|Any CPU
		{10F4EB1C-17A2-4243-94DF-A86734514039}.Ad-Hoc|iPhone.Deploy.0 = Release|Any CPU
		{10F4EB1C-17A2-4243-94DF-A86734514039}.Ad-Hoc|iPhoneSimulator.ActiveCfg = Release|Any CPU
		{10F4EB1C-17A2-4243-94DF-A86734514039}.Ad-Hoc|iPhoneSimulator.Build.0 = Release|Any CPU
		{10F4EB1C-17A2-4243-94DF-A86734514039}.Ad-Hoc|iPhoneSimulator.Deploy.0 = Release|Any CPU
		{10F4EB1C-17A2-4243-94DF-A86734514039}.Ad-Hoc|x64.ActiveCfg = Release|Any CPU
		{10F4EB1C-17A2-4243-94DF-A86734514039}.Ad-Hoc|x64.Build.0 = Release|Any CPU
		{10F4EB1C-17A2-4243-94DF-A86734514039}.Ad-Hoc|x64.Deploy.0 = Release|Any CPU
		{10F4EB1C-17A2-4243-94DF-A86734514039}.Ad-Hoc|x86.ActiveCfg = Release|Any CPU
		{10F4EB1C-17A2-4243-94DF-A86734514039}.Ad-Hoc|x86.Build.0 = Release|Any CPU
		{10F4EB1C-17A2-4243-94DF-A86734514039}.Ad-Hoc|x86.Deploy.0 = Release|Any CPU
		{10F4EB1C-17A2-4243-94DF-A86734514039}.AppStore|Any CPU.ActiveCfg = Release|Any CPU
		{10F4EB1C-17A2-4243-94DF-A86734514039}.AppStore|Any CPU.Build.0 = Release|Any CPU
		{10F4EB1C-17A2-4243-94DF-A86734514039}.AppStore|Any CPU.Deploy.0 = Release|Any CPU
		{10F4EB1C-17A2-4243-94DF-A86734514039}.AppStore|ARM.ActiveCfg = Release|Any CPU
		{10F4EB1C-17A2-4243-94DF-A86734514039}.AppStore|ARM.Build.0 = Release|Any CPU
		{10F4EB1C-17A2-4243-94DF-A86734514039}.AppStore|ARM.Deploy.0 = Release|Any CPU
		{10F4EB1C-17A2-4243-94DF-A86734514039}.AppStore|iPhone.ActiveCfg = Release|Any CPU
		{10F4EB1C-17A2-4243-94DF-A86734514039}.AppStore|iPhone.Build.0 = Release|Any CPU
		{10F4EB1C-17A2-4243-94DF-A86734514039}.AppStore|iPhone.Deploy.0 = Release|Any CPU
		{10F4EB1C-17A2-4243-94DF-A86734514039}.AppStore|iPhoneSimulator.ActiveCfg = Release|Any CPU
		{10F4EB1C-17A2-4243-94DF-A86734514039}.AppStore|iPhoneSimulator.Build.0 = Release|Any CPU
		{10F4EB1C-17A2-4243-94DF-A86734514039}.AppStore|iPhoneSimulator.Deploy.0 = Release|Any CPU
		{10F4EB1C-17A2-4243-94DF-A86734514039}.AppStore|x64.ActiveCfg = Release|Any CPU
		{10F4EB1C-17A2-4243-94DF-A86734514039}.AppStore|x64.Build.0 = Release|Any CPU
		{10F4EB1C-17A2-4243-94DF-A86734514039}.AppStore|x64.Deploy.0 = Release|Any CPU
		{10F4EB1C-17A2-4243-94DF-A86734514039}.AppStore|x86.ActiveCfg = Release|Any CPU
		{10F4EB1C-17A2-4243-94DF-A86734514039}.AppStore|x86.Build.0 = Release|Any CPU
		{10F4EB1C-17A2-4243-94DF-A86734514039}.AppStore|x86.Deploy.0 = Release|Any CPU
		{10F4EB1C-17A2-4243-94DF-A86734514039}.Debug|Any CPU.ActiveCfg = Debug|Any CPU
		{10F4EB1C-17A2-4243-94DF-A86734514039}.Debug|Any CPU.Build.0 = Debug|Any CPU
		{10F4EB1C-17A2-4243-94DF-A86734514039}.Debug|Any CPU.Deploy.0 = Debug|Any CPU
		{10F4EB1C-17A2-4243-94DF-A86734514039}.Debug|ARM.ActiveCfg = Debug|Any CPU
		{10F4EB1C-17A2-4243-94DF-A86734514039}.Debug|ARM.Build.0 = Debug|Any CPU
		{10F4EB1C-17A2-4243-94DF-A86734514039}.Debug|ARM.Deploy.0 = Debug|Any CPU
		{10F4EB1C-17A2-4243-94DF-A86734514039}.Debug|iPhone.ActiveCfg = Debug|Any CPU
		{10F4EB1C-17A2-4243-94DF-A86734514039}.Debug|iPhone.Build.0 = Debug|Any CPU
		{10F4EB1C-17A2-4243-94DF-A86734514039}.Debug|iPhone.Deploy.0 = Debug|Any CPU
		{10F4EB1C-17A2-4243-94DF-A86734514039}.Debug|iPhoneSimulator.ActiveCfg = Debug|Any CPU
		{10F4EB1C-17A2-4243-94DF-A86734514039}.Debug|iPhoneSimulator.Build.0 = Debug|Any CPU
		{10F4EB1C-17A2-4243-94DF-A86734514039}.Debug|iPhoneSimulator.Deploy.0 = Debug|Any CPU
		{10F4EB1C-17A2-4243-94DF-A86734514039}.Debug|x64.ActiveCfg = Debug|Any CPU
		{10F4EB1C-17A2-4243-94DF-A86734514039}.Debug|x64.Build.0 = Debug|Any CPU
		{10F4EB1C-17A2-4243-94DF-A86734514039}.Debug|x64.Deploy.0 = Debug|Any CPU
		{10F4EB1C-17A2-4243-94DF-A86734514039}.Debug|x86.ActiveCfg = Debug|Any CPU
		{10F4EB1C-17A2-4243-94DF-A86734514039}.Debug|x86.Build.0 = Debug|Any CPU
		{10F4EB1C-17A2-4243-94DF-A86734514039}.Debug|x86.Deploy.0 = Debug|Any CPU
		{10F4EB1C-17A2-4243-94DF-A86734514039}.Release|Any CPU.ActiveCfg = Release|Any CPU
		{10F4EB1C-17A2-4243-94DF-A86734514039}.Release|Any CPU.Build.0 = Release|Any CPU
		{10F4EB1C-17A2-4243-94DF-A86734514039}.Release|Any CPU.Deploy.0 = Release|Any CPU
		{10F4EB1C-17A2-4243-94DF-A86734514039}.Release|ARM.ActiveCfg = Release|Any CPU
		{10F4EB1C-17A2-4243-94DF-A86734514039}.Release|ARM.Build.0 = Release|Any CPU
		{10F4EB1C-17A2-4243-94DF-A86734514039}.Release|ARM.Deploy.0 = Release|Any CPU
		{10F4EB1C-17A2-4243-94DF-A86734514039}.Release|iPhone.ActiveCfg = Release|Any CPU
		{10F4EB1C-17A2-4243-94DF-A86734514039}.Release|iPhone.Build.0 = Release|Any CPU
		{10F4EB1C-17A2-4243-94DF-A86734514039}.Release|iPhone.Deploy.0 = Release|Any CPU
		{10F4EB1C-17A2-4243-94DF-A86734514039}.Release|iPhoneSimulator.ActiveCfg = Release|Any CPU
		{10F4EB1C-17A2-4243-94DF-A86734514039}.Release|iPhoneSimulator.Build.0 = Release|Any CPU
		{10F4EB1C-17A2-4243-94DF-A86734514039}.Release|iPhoneSimulator.Deploy.0 = Release|Any CPU
		{10F4EB1C-17A2-4243-94DF-A86734514039}.Release|x64.ActiveCfg = Release|Any CPU
		{10F4EB1C-17A2-4243-94DF-A86734514039}.Release|x64.Build.0 = Release|Any CPU
		{10F4EB1C-17A2-4243-94DF-A86734514039}.Release|x64.Deploy.0 = Release|Any CPU
		{10F4EB1C-17A2-4243-94DF-A86734514039}.Release|x86.ActiveCfg = Release|Any CPU
		{10F4EB1C-17A2-4243-94DF-A86734514039}.Release|x86.Build.0 = Release|Any CPU
		{10F4EB1C-17A2-4243-94DF-A86734514039}.Release|x86.Deploy.0 = Release|Any CPU
		{8B6654A2-CD8C-4BEA-94B2-6E59DFBA5BF8}.Ad-Hoc|Any CPU.ActiveCfg = Release|Any CPU
		{8B6654A2-CD8C-4BEA-94B2-6E59DFBA5BF8}.Ad-Hoc|Any CPU.Build.0 = Release|Any CPU
		{8B6654A2-CD8C-4BEA-94B2-6E59DFBA5BF8}.Ad-Hoc|ARM.ActiveCfg = Release|Any CPU
		{8B6654A2-CD8C-4BEA-94B2-6E59DFBA5BF8}.Ad-Hoc|ARM.Build.0 = Release|Any CPU
		{8B6654A2-CD8C-4BEA-94B2-6E59DFBA5BF8}.Ad-Hoc|iPhone.ActiveCfg = Release|Any CPU
		{8B6654A2-CD8C-4BEA-94B2-6E59DFBA5BF8}.Ad-Hoc|iPhone.Build.0 = Release|Any CPU
		{8B6654A2-CD8C-4BEA-94B2-6E59DFBA5BF8}.Ad-Hoc|iPhoneSimulator.ActiveCfg = Release|Any CPU
		{8B6654A2-CD8C-4BEA-94B2-6E59DFBA5BF8}.Ad-Hoc|iPhoneSimulator.Build.0 = Release|Any CPU
		{8B6654A2-CD8C-4BEA-94B2-6E59DFBA5BF8}.Ad-Hoc|x64.ActiveCfg = Release|Any CPU
		{8B6654A2-CD8C-4BEA-94B2-6E59DFBA5BF8}.Ad-Hoc|x64.Build.0 = Release|Any CPU
		{8B6654A2-CD8C-4BEA-94B2-6E59DFBA5BF8}.Ad-Hoc|x86.ActiveCfg = Release|Any CPU
		{8B6654A2-CD8C-4BEA-94B2-6E59DFBA5BF8}.Ad-Hoc|x86.Build.0 = Release|Any CPU
		{8B6654A2-CD8C-4BEA-94B2-6E59DFBA5BF8}.AppStore|Any CPU.ActiveCfg = Release|Any CPU
		{8B6654A2-CD8C-4BEA-94B2-6E59DFBA5BF8}.AppStore|Any CPU.Build.0 = Release|Any CPU
		{8B6654A2-CD8C-4BEA-94B2-6E59DFBA5BF8}.AppStore|ARM.ActiveCfg = Release|Any CPU
		{8B6654A2-CD8C-4BEA-94B2-6E59DFBA5BF8}.AppStore|ARM.Build.0 = Release|Any CPU
		{8B6654A2-CD8C-4BEA-94B2-6E59DFBA5BF8}.AppStore|iPhone.ActiveCfg = Release|Any CPU
		{8B6654A2-CD8C-4BEA-94B2-6E59DFBA5BF8}.AppStore|iPhone.Build.0 = Release|Any CPU
		{8B6654A2-CD8C-4BEA-94B2-6E59DFBA5BF8}.AppStore|iPhoneSimulator.ActiveCfg = Release|Any CPU
		{8B6654A2-CD8C-4BEA-94B2-6E59DFBA5BF8}.AppStore|iPhoneSimulator.Build.0 = Release|Any CPU
		{8B6654A2-CD8C-4BEA-94B2-6E59DFBA5BF8}.AppStore|x64.ActiveCfg = Release|Any CPU
		{8B6654A2-CD8C-4BEA-94B2-6E59DFBA5BF8}.AppStore|x64.Build.0 = Release|Any CPU
		{8B6654A2-CD8C-4BEA-94B2-6E59DFBA5BF8}.AppStore|x86.ActiveCfg = Release|Any CPU
		{8B6654A2-CD8C-4BEA-94B2-6E59DFBA5BF8}.AppStore|x86.Build.0 = Release|Any CPU
		{8B6654A2-CD8C-4BEA-94B2-6E59DFBA5BF8}.Debug|Any CPU.ActiveCfg = Debug|Any CPU
		{8B6654A2-CD8C-4BEA-94B2-6E59DFBA5BF8}.Debug|Any CPU.Build.0 = Debug|Any CPU
		{8B6654A2-CD8C-4BEA-94B2-6E59DFBA5BF8}.Debug|ARM.ActiveCfg = Debug|Any CPU
		{8B6654A2-CD8C-4BEA-94B2-6E59DFBA5BF8}.Debug|ARM.Build.0 = Debug|Any CPU
		{8B6654A2-CD8C-4BEA-94B2-6E59DFBA5BF8}.Debug|iPhone.ActiveCfg = Debug|Any CPU
		{8B6654A2-CD8C-4BEA-94B2-6E59DFBA5BF8}.Debug|iPhone.Build.0 = Debug|Any CPU
		{8B6654A2-CD8C-4BEA-94B2-6E59DFBA5BF8}.Debug|iPhoneSimulator.ActiveCfg = Debug|Any CPU
		{8B6654A2-CD8C-4BEA-94B2-6E59DFBA5BF8}.Debug|iPhoneSimulator.Build.0 = Debug|Any CPU
		{8B6654A2-CD8C-4BEA-94B2-6E59DFBA5BF8}.Debug|x64.ActiveCfg = Debug|Any CPU
		{8B6654A2-CD8C-4BEA-94B2-6E59DFBA5BF8}.Debug|x64.Build.0 = Debug|Any CPU
		{8B6654A2-CD8C-4BEA-94B2-6E59DFBA5BF8}.Debug|x86.ActiveCfg = Debug|Any CPU
		{8B6654A2-CD8C-4BEA-94B2-6E59DFBA5BF8}.Debug|x86.Build.0 = Debug|Any CPU
		{8B6654A2-CD8C-4BEA-94B2-6E59DFBA5BF8}.Release|Any CPU.ActiveCfg = Release|Any CPU
		{8B6654A2-CD8C-4BEA-94B2-6E59DFBA5BF8}.Release|Any CPU.Build.0 = Release|Any CPU
		{8B6654A2-CD8C-4BEA-94B2-6E59DFBA5BF8}.Release|ARM.ActiveCfg = Release|Any CPU
		{8B6654A2-CD8C-4BEA-94B2-6E59DFBA5BF8}.Release|ARM.Build.0 = Release|Any CPU
		{8B6654A2-CD8C-4BEA-94B2-6E59DFBA5BF8}.Release|iPhone.ActiveCfg = Release|Any CPU
		{8B6654A2-CD8C-4BEA-94B2-6E59DFBA5BF8}.Release|iPhone.Build.0 = Release|Any CPU
		{8B6654A2-CD8C-4BEA-94B2-6E59DFBA5BF8}.Release|iPhoneSimulator.ActiveCfg = Release|Any CPU
		{8B6654A2-CD8C-4BEA-94B2-6E59DFBA5BF8}.Release|iPhoneSimulator.Build.0 = Release|Any CPU
		{8B6654A2-CD8C-4BEA-94B2-6E59DFBA5BF8}.Release|x64.ActiveCfg = Release|Any CPU
		{8B6654A2-CD8C-4BEA-94B2-6E59DFBA5BF8}.Release|x64.Build.0 = Release|Any CPU
		{8B6654A2-CD8C-4BEA-94B2-6E59DFBA5BF8}.Release|x86.ActiveCfg = Release|Any CPU
		{8B6654A2-CD8C-4BEA-94B2-6E59DFBA5BF8}.Release|x86.Build.0 = Release|Any CPU
		{3EB2EDFB-7847-4E08-BF0C-AC762E970DEE}.Ad-Hoc|Any CPU.ActiveCfg = Release|x86
		{3EB2EDFB-7847-4E08-BF0C-AC762E970DEE}.Ad-Hoc|Any CPU.Build.0 = Release|x86
		{3EB2EDFB-7847-4E08-BF0C-AC762E970DEE}.Ad-Hoc|Any CPU.Deploy.0 = Release|x86
		{3EB2EDFB-7847-4E08-BF0C-AC762E970DEE}.Ad-Hoc|ARM.ActiveCfg = Release|ARM
		{3EB2EDFB-7847-4E08-BF0C-AC762E970DEE}.Ad-Hoc|ARM.Build.0 = Release|ARM
		{3EB2EDFB-7847-4E08-BF0C-AC762E970DEE}.Ad-Hoc|ARM.Deploy.0 = Release|ARM
		{3EB2EDFB-7847-4E08-BF0C-AC762E970DEE}.Ad-Hoc|iPhone.ActiveCfg = Release|x86
		{3EB2EDFB-7847-4E08-BF0C-AC762E970DEE}.Ad-Hoc|iPhone.Build.0 = Release|x86
		{3EB2EDFB-7847-4E08-BF0C-AC762E970DEE}.Ad-Hoc|iPhone.Deploy.0 = Release|x86
		{3EB2EDFB-7847-4E08-BF0C-AC762E970DEE}.Ad-Hoc|iPhoneSimulator.ActiveCfg = Release|x86
		{3EB2EDFB-7847-4E08-BF0C-AC762E970DEE}.Ad-Hoc|iPhoneSimulator.Build.0 = Release|x86
		{3EB2EDFB-7847-4E08-BF0C-AC762E970DEE}.Ad-Hoc|iPhoneSimulator.Deploy.0 = Release|x86
		{3EB2EDFB-7847-4E08-BF0C-AC762E970DEE}.Ad-Hoc|x64.ActiveCfg = Release|x64
		{3EB2EDFB-7847-4E08-BF0C-AC762E970DEE}.Ad-Hoc|x64.Build.0 = Release|x64
		{3EB2EDFB-7847-4E08-BF0C-AC762E970DEE}.Ad-Hoc|x64.Deploy.0 = Release|x64
		{3EB2EDFB-7847-4E08-BF0C-AC762E970DEE}.Ad-Hoc|x86.ActiveCfg = Release|x86
		{3EB2EDFB-7847-4E08-BF0C-AC762E970DEE}.Ad-Hoc|x86.Build.0 = Release|x86
		{3EB2EDFB-7847-4E08-BF0C-AC762E970DEE}.Ad-Hoc|x86.Deploy.0 = Release|x86
		{3EB2EDFB-7847-4E08-BF0C-AC762E970DEE}.AppStore|Any CPU.ActiveCfg = Release|x86
		{3EB2EDFB-7847-4E08-BF0C-AC762E970DEE}.AppStore|Any CPU.Build.0 = Release|x86
		{3EB2EDFB-7847-4E08-BF0C-AC762E970DEE}.AppStore|Any CPU.Deploy.0 = Release|x86
		{3EB2EDFB-7847-4E08-BF0C-AC762E970DEE}.AppStore|ARM.ActiveCfg = Release|ARM
		{3EB2EDFB-7847-4E08-BF0C-AC762E970DEE}.AppStore|ARM.Build.0 = Release|ARM
		{3EB2EDFB-7847-4E08-BF0C-AC762E970DEE}.AppStore|ARM.Deploy.0 = Release|ARM
		{3EB2EDFB-7847-4E08-BF0C-AC762E970DEE}.AppStore|iPhone.ActiveCfg = Release|x86
		{3EB2EDFB-7847-4E08-BF0C-AC762E970DEE}.AppStore|iPhone.Build.0 = Release|x86
		{3EB2EDFB-7847-4E08-BF0C-AC762E970DEE}.AppStore|iPhone.Deploy.0 = Release|x86
		{3EB2EDFB-7847-4E08-BF0C-AC762E970DEE}.AppStore|iPhoneSimulator.ActiveCfg = Release|x86
		{3EB2EDFB-7847-4E08-BF0C-AC762E970DEE}.AppStore|iPhoneSimulator.Build.0 = Release|x86
		{3EB2EDFB-7847-4E08-BF0C-AC762E970DEE}.AppStore|iPhoneSimulator.Deploy.0 = Release|x86
		{3EB2EDFB-7847-4E08-BF0C-AC762E970DEE}.AppStore|x64.ActiveCfg = Release|x64
		{3EB2EDFB-7847-4E08-BF0C-AC762E970DEE}.AppStore|x64.Build.0 = Release|x64
		{3EB2EDFB-7847-4E08-BF0C-AC762E970DEE}.AppStore|x64.Deploy.0 = Release|x64
		{3EB2EDFB-7847-4E08-BF0C-AC762E970DEE}.AppStore|x86.ActiveCfg = Release|x86
		{3EB2EDFB-7847-4E08-BF0C-AC762E970DEE}.AppStore|x86.Build.0 = Release|x86
		{3EB2EDFB-7847-4E08-BF0C-AC762E970DEE}.AppStore|x86.Deploy.0 = Release|x86
		{3EB2EDFB-7847-4E08-BF0C-AC762E970DEE}.Debug|Any CPU.ActiveCfg = Debug|x86
		{3EB2EDFB-7847-4E08-BF0C-AC762E970DEE}.Debug|ARM.ActiveCfg = Debug|ARM
		{3EB2EDFB-7847-4E08-BF0C-AC762E970DEE}.Debug|ARM.Build.0 = Debug|ARM
		{3EB2EDFB-7847-4E08-BF0C-AC762E970DEE}.Debug|ARM.Deploy.0 = Debug|ARM
		{3EB2EDFB-7847-4E08-BF0C-AC762E970DEE}.Debug|iPhone.ActiveCfg = Debug|x86
		{3EB2EDFB-7847-4E08-BF0C-AC762E970DEE}.Debug|iPhoneSimulator.ActiveCfg = Debug|x86
		{3EB2EDFB-7847-4E08-BF0C-AC762E970DEE}.Debug|x64.ActiveCfg = Debug|x64
		{3EB2EDFB-7847-4E08-BF0C-AC762E970DEE}.Debug|x64.Build.0 = Debug|x64
		{3EB2EDFB-7847-4E08-BF0C-AC762E970DEE}.Debug|x64.Deploy.0 = Debug|x64
		{3EB2EDFB-7847-4E08-BF0C-AC762E970DEE}.Debug|x86.ActiveCfg = Debug|x86
		{3EB2EDFB-7847-4E08-BF0C-AC762E970DEE}.Debug|x86.Build.0 = Debug|x86
		{3EB2EDFB-7847-4E08-BF0C-AC762E970DEE}.Debug|x86.Deploy.0 = Debug|x86
		{3EB2EDFB-7847-4E08-BF0C-AC762E970DEE}.Release|Any CPU.ActiveCfg = Release|x86
		{3EB2EDFB-7847-4E08-BF0C-AC762E970DEE}.Release|ARM.ActiveCfg = Release|ARM
		{3EB2EDFB-7847-4E08-BF0C-AC762E970DEE}.Release|ARM.Build.0 = Release|ARM
		{3EB2EDFB-7847-4E08-BF0C-AC762E970DEE}.Release|ARM.Deploy.0 = Release|ARM
		{3EB2EDFB-7847-4E08-BF0C-AC762E970DEE}.Release|iPhone.ActiveCfg = Release|x86
		{3EB2EDFB-7847-4E08-BF0C-AC762E970DEE}.Release|iPhoneSimulator.ActiveCfg = Release|x86
		{3EB2EDFB-7847-4E08-BF0C-AC762E970DEE}.Release|x64.ActiveCfg = Release|x64
		{3EB2EDFB-7847-4E08-BF0C-AC762E970DEE}.Release|x64.Build.0 = Release|x64
		{3EB2EDFB-7847-4E08-BF0C-AC762E970DEE}.Release|x64.Deploy.0 = Release|x64
		{3EB2EDFB-7847-4E08-BF0C-AC762E970DEE}.Release|x86.ActiveCfg = Release|x86
		{3EB2EDFB-7847-4E08-BF0C-AC762E970DEE}.Release|x86.Build.0 = Release|x86
		{3EB2EDFB-7847-4E08-BF0C-AC762E970DEE}.Release|x86.Deploy.0 = Release|x86
		{0F26B790-1CCF-4816-8B62-E7C72C04425F}.Ad-Hoc|Any CPU.ActiveCfg = Ad-Hoc|iPhone
		{0F26B790-1CCF-4816-8B62-E7C72C04425F}.Ad-Hoc|ARM.ActiveCfg = Ad-Hoc|iPhone
		{0F26B790-1CCF-4816-8B62-E7C72C04425F}.Ad-Hoc|iPhone.ActiveCfg = Ad-Hoc|iPhone
		{0F26B790-1CCF-4816-8B62-E7C72C04425F}.Ad-Hoc|iPhone.Build.0 = Ad-Hoc|iPhone
		{0F26B790-1CCF-4816-8B62-E7C72C04425F}.Ad-Hoc|iPhoneSimulator.ActiveCfg = Ad-Hoc|iPhoneSimulator
		{0F26B790-1CCF-4816-8B62-E7C72C04425F}.Ad-Hoc|iPhoneSimulator.Build.0 = Ad-Hoc|iPhoneSimulator
		{0F26B790-1CCF-4816-8B62-E7C72C04425F}.Ad-Hoc|x64.ActiveCfg = Ad-Hoc|iPhone
		{0F26B790-1CCF-4816-8B62-E7C72C04425F}.Ad-Hoc|x86.ActiveCfg = Ad-Hoc|iPhone
		{0F26B790-1CCF-4816-8B62-E7C72C04425F}.AppStore|Any CPU.ActiveCfg = AppStore|iPhone
		{0F26B790-1CCF-4816-8B62-E7C72C04425F}.AppStore|ARM.ActiveCfg = AppStore|iPhone
		{0F26B790-1CCF-4816-8B62-E7C72C04425F}.AppStore|iPhone.ActiveCfg = AppStore|iPhone
		{0F26B790-1CCF-4816-8B62-E7C72C04425F}.AppStore|iPhone.Build.0 = AppStore|iPhone
		{0F26B790-1CCF-4816-8B62-E7C72C04425F}.AppStore|iPhoneSimulator.ActiveCfg = AppStore|iPhoneSimulator
		{0F26B790-1CCF-4816-8B62-E7C72C04425F}.AppStore|iPhoneSimulator.Build.0 = AppStore|iPhoneSimulator
		{0F26B790-1CCF-4816-8B62-E7C72C04425F}.AppStore|x64.ActiveCfg = AppStore|iPhone
		{0F26B790-1CCF-4816-8B62-E7C72C04425F}.AppStore|x86.ActiveCfg = AppStore|iPhone
		{0F26B790-1CCF-4816-8B62-E7C72C04425F}.Debug|Any CPU.ActiveCfg = Debug|iPhone
		{0F26B790-1CCF-4816-8B62-E7C72C04425F}.Debug|ARM.ActiveCfg = Debug|iPhone
		{0F26B790-1CCF-4816-8B62-E7C72C04425F}.Debug|iPhone.ActiveCfg = Debug|iPhone
		{0F26B790-1CCF-4816-8B62-E7C72C04425F}.Debug|iPhone.Build.0 = Debug|iPhone
		{0F26B790-1CCF-4816-8B62-E7C72C04425F}.Debug|iPhoneSimulator.ActiveCfg = Debug|iPhoneSimulator
		{0F26B790-1CCF-4816-8B62-E7C72C04425F}.Debug|iPhoneSimulator.Build.0 = Debug|iPhoneSimulator
		{0F26B790-1CCF-4816-8B62-E7C72C04425F}.Debug|x64.ActiveCfg = Debug|iPhone
		{0F26B790-1CCF-4816-8B62-E7C72C04425F}.Debug|x86.ActiveCfg = Debug|iPhone
		{0F26B790-1CCF-4816-8B62-E7C72C04425F}.Release|Any CPU.ActiveCfg = Release|iPhone
		{0F26B790-1CCF-4816-8B62-E7C72C04425F}.Release|ARM.ActiveCfg = Release|iPhone
		{0F26B790-1CCF-4816-8B62-E7C72C04425F}.Release|iPhone.ActiveCfg = Release|iPhone
		{0F26B790-1CCF-4816-8B62-E7C72C04425F}.Release|iPhone.Build.0 = Release|iPhone
		{0F26B790-1CCF-4816-8B62-E7C72C04425F}.Release|iPhoneSimulator.ActiveCfg = Release|iPhoneSimulator
		{0F26B790-1CCF-4816-8B62-E7C72C04425F}.Release|iPhoneSimulator.Build.0 = Release|iPhoneSimulator
		{0F26B790-1CCF-4816-8B62-E7C72C04425F}.Release|x64.ActiveCfg = Release|iPhone
		{0F26B790-1CCF-4816-8B62-E7C72C04425F}.Release|x86.ActiveCfg = Release|iPhone
	EndGlobalSection
	GlobalSection(SolutionProperties) = preSolution
		HideSolutionNode = FALSE
	EndGlobalSection
	GlobalSection(ExtensibilityGlobals) = postSolution
		SolutionGuid = {7FD6AB14-C2E9-4F50-86B6-B271AFFE8FED}
	EndGlobalSection
EndGlobal
