
Microsoft Visual Studio Solution File, Format Version 12.00
# Visual Studio 15
VisualStudioVersion = 15.0.26430.12
MinimumVisualStudioVersion = 10.0.40219.1
Project("{FAE04EC0-301F-11D3-BF4B-00C04F79EFBC}") = "AirbnbsRecentSearches.Android", "AirbnbsRecentSearches\AirbnbsRecentSearches.Android\AirbnbsRecentSearches.Android.csproj", "{281397D9-A585-4BB9-A83D-8186A7A3CAD8}"
EndProject
Project("{FAE04EC0-301F-11D3-BF4B-00C04F79EFBC}") = "AirbnbsRecentSearches", "AirbnbsRecentSearches\AirbnbsRecentSearches\AirbnbsRecentSearches.csproj", "{4254380D-0041-49DF-A2A6-6D04AFAAAAC4}"
EndProject
Project("{FAE04EC0-301F-11D3-BF4B-00C04F79EFBC}") = "AirbnbsRecentSearches.UWP", "AirbnbsRecentSearches\AirbnbsRecentSearches.UWP\AirbnbsRecentSearches.UWP.csproj", "{7F66F103-D5F4-40D9-A562-C169646B1EB1}"
EndProject
Project("{FAE04EC0-301F-11D3-BF4B-00C04F79EFBC}") = "AirbnbsRecentSearches.iOS", "AirbnbsRecentSearches\AirbnbsRecentSearches.iOS\AirbnbsRecentSearches.iOS.csproj", "{04BEA3D8-188B-48D6-8B91-618345BCEA91}"
EndProject
Global
	GlobalSection(SolutionConfigurationPlatforms) = preSolution
		Ad-Hoc|Any CPU = Ad-Hoc|Any CPU
		Ad-Hoc|ARM = Ad-Hoc|ARM
		Ad-Hoc|iPhone = Ad-Hoc|iPhone
		Ad-Hoc|iPhoneSimulator = Ad-Hoc|iPhoneSimulator
		Ad-Hoc|x64 = Ad-Hoc|x64
		Ad-Hoc|x86 = Ad-Hoc|x86
		AppStore|Any CPU = AppStore|Any CPU
		AppStore|ARM = AppStore|ARM
		AppStore|iPhone = AppStore|iPhone
		AppStore|iPhoneSimulator = AppStore|iPhoneSimulator
		AppStore|x64 = AppStore|x64
		AppStore|x86 = AppStore|x86
		Debug|Any CPU = Debug|Any CPU
		Debug|ARM = Debug|ARM
		Debug|iPhone = Debug|iPhone
		Debug|iPhoneSimulator = Debug|iPhoneSimulator
		Debug|x64 = Debug|x64
		Debug|x86 = Debug|x86
		Release|Any CPU = Release|Any CPU
		Release|ARM = Release|ARM
		Release|iPhone = Release|iPhone
		Release|iPhoneSimulator = Release|iPhoneSimulator
		Release|x64 = Release|x64
		Release|x86 = Release|x86
	EndGlobalSection
	GlobalSection(ProjectConfigurationPlatforms) = postSolution
		{281397D9-A585-4BB9-A83D-8186A7A3CAD8}.Ad-Hoc|Any CPU.ActiveCfg = Release|Any CPU
		{281397D9-A585-4BB9-A83D-8186A7A3CAD8}.Ad-Hoc|Any CPU.Build.0 = Release|Any CPU
		{281397D9-A585-4BB9-A83D-8186A7A3CAD8}.Ad-Hoc|Any CPU.Deploy.0 = Release|Any CPU
		{281397D9-A585-4BB9-A83D-8186A7A3CAD8}.Ad-Hoc|ARM.ActiveCfg = Release|Any CPU
		{281397D9-A585-4BB9-A83D-8186A7A3CAD8}.Ad-Hoc|ARM.Build.0 = Release|Any CPU
		{281397D9-A585-4BB9-A83D-8186A7A3CAD8}.Ad-Hoc|ARM.Deploy.0 = Release|Any CPU
		{281397D9-A585-4BB9-A83D-8186A7A3CAD8}.Ad-Hoc|iPhone.ActiveCfg = Release|Any CPU
		{281397D9-A585-4BB9-A83D-8186A7A3CAD8}.Ad-Hoc|iPhone.Build.0 = Release|Any CPU
		{281397D9-A585-4BB9-A83D-8186A7A3CAD8}.Ad-Hoc|iPhone.Deploy.0 = Release|Any CPU
		{281397D9-A585-4BB9-A83D-8186A7A3CAD8}.Ad-Hoc|iPhoneSimulator.ActiveCfg = Release|Any CPU
		{281397D9-A585-4BB9-A83D-8186A7A3CAD8}.Ad-Hoc|iPhoneSimulator.Build.0 = Release|Any CPU
		{281397D9-A585-4BB9-A83D-8186A7A3CAD8}.Ad-Hoc|iPhoneSimulator.Deploy.0 = Release|Any CPU
		{281397D9-A585-4BB9-A83D-8186A7A3CAD8}.Ad-Hoc|x64.ActiveCfg = Release|Any CPU
		{281397D9-A585-4BB9-A83D-8186A7A3CAD8}.Ad-Hoc|x64.Build.0 = Release|Any CPU
		{281397D9-A585-4BB9-A83D-8186A7A3CAD8}.Ad-Hoc|x64.Deploy.0 = Release|Any CPU
		{281397D9-A585-4BB9-A83D-8186A7A3CAD8}.Ad-Hoc|x86.ActiveCfg = Release|Any CPU
		{281397D9-A585-4BB9-A83D-8186A7A3CAD8}.Ad-Hoc|x86.Build.0 = Release|Any CPU
		{281397D9-A585-4BB9-A83D-8186A7A3CAD8}.Ad-Hoc|x86.Deploy.0 = Release|Any CPU
		{281397D9-A585-4BB9-A83D-8186A7A3CAD8}.AppStore|Any CPU.ActiveCfg = Release|Any CPU
		{281397D9-A585-4BB9-A83D-8186A7A3CAD8}.AppStore|Any CPU.Build.0 = Release|Any CPU
		{281397D9-A585-4BB9-A83D-8186A7A3CAD8}.AppStore|Any CPU.Deploy.0 = Release|Any CPU
		{281397D9-A585-4BB9-A83D-8186A7A3CAD8}.AppStore|ARM.ActiveCfg = Release|Any CPU
		{281397D9-A585-4BB9-A83D-8186A7A3CAD8}.AppStore|ARM.Build.0 = Release|Any CPU
		{281397D9-A585-4BB9-A83D-8186A7A3CAD8}.AppStore|ARM.Deploy.0 = Release|Any CPU
		{281397D9-A585-4BB9-A83D-8186A7A3CAD8}.AppStore|iPhone.ActiveCfg = Release|Any CPU
		{281397D9-A585-4BB9-A83D-8186A7A3CAD8}.AppStore|iPhone.Build.0 = Release|Any CPU
		{281397D9-A585-4BB9-A83D-8186A7A3CAD8}.AppStore|iPhone.Deploy.0 = Release|Any CPU
		{281397D9-A585-4BB9-A83D-8186A7A3CAD8}.AppStore|iPhoneSimulator.ActiveCfg = Release|Any CPU
		{281397D9-A585-4BB9-A83D-8186A7A3CAD8}.AppStore|iPhoneSimulator.Build.0 = Release|Any CPU
		{281397D9-A585-4BB9-A83D-8186A7A3CAD8}.AppStore|iPhoneSimulator.Deploy.0 = Release|Any CPU
		{281397D9-A585-4BB9-A83D-8186A7A3CAD8}.AppStore|x64.ActiveCfg = Release|Any CPU
		{281397D9-A585-4BB9-A83D-8186A7A3CAD8}.AppStore|x64.Build.0 = Release|Any CPU
		{281397D9-A585-4BB9-A83D-8186A7A3CAD8}.AppStore|x64.Deploy.0 = Release|Any CPU
		{281397D9-A585-4BB9-A83D-8186A7A3CAD8}.AppStore|x86.ActiveCfg = Release|Any CPU
		{281397D9-A585-4BB9-A83D-8186A7A3CAD8}.AppStore|x86.Build.0 = Release|Any CPU
		{281397D9-A585-4BB9-A83D-8186A7A3CAD8}.AppStore|x86.Deploy.0 = Release|Any CPU
		{281397D9-A585-4BB9-A83D-8186A7A3CAD8}.Debug|Any CPU.ActiveCfg = Debug|Any CPU
		{281397D9-A585-4BB9-A83D-8186A7A3CAD8}.Debug|Any CPU.Build.0 = Debug|Any CPU
		{281397D9-A585-4BB9-A83D-8186A7A3CAD8}.Debug|Any CPU.Deploy.0 = Debug|Any CPU
		{281397D9-A585-4BB9-A83D-8186A7A3CAD8}.Debug|ARM.ActiveCfg = Debug|Any CPU
		{281397D9-A585-4BB9-A83D-8186A7A3CAD8}.Debug|ARM.Build.0 = Debug|Any CPU
		{281397D9-A585-4BB9-A83D-8186A7A3CAD8}.Debug|ARM.Deploy.0 = Debug|Any CPU
		{281397D9-A585-4BB9-A83D-8186A7A3CAD8}.Debug|iPhone.ActiveCfg = Debug|Any CPU
		{281397D9-A585-4BB9-A83D-8186A7A3CAD8}.Debug|iPhone.Build.0 = Debug|Any CPU
		{281397D9-A585-4BB9-A83D-8186A7A3CAD8}.Debug|iPhone.Deploy.0 = Debug|Any CPU
		{281397D9-A585-4BB9-A83D-8186A7A3CAD8}.Debug|iPhoneSimulator.ActiveCfg = Debug|Any CPU
		{281397D9-A585-4BB9-A83D-8186A7A3CAD8}.Debug|iPhoneSimulator.Build.0 = Debug|Any CPU
		{281397D9-A585-4BB9-A83D-8186A7A3CAD8}.Debug|iPhoneSimulator.Deploy.0 = Debug|Any CPU
		{281397D9-A585-4BB9-A83D-8186A7A3CAD8}.Debug|x64.ActiveCfg = Debug|Any CPU
		{281397D9-A585-4BB9-A83D-8186A7A3CAD8}.Debug|x64.Build.0 = Debug|Any CPU
		{281397D9-A585-4BB9-A83D-8186A7A3CAD8}.Debug|x64.Deploy.0 = Debug|Any CPU
		{281397D9-A585-4BB9-A83D-8186A7A3CAD8}.Debug|x86.ActiveCfg = Debug|Any CPU
		{281397D9-A585-4BB9-A83D-8186A7A3CAD8}.Debug|x86.Build.0 = Debug|Any CPU
		{281397D9-A585-4BB9-A83D-8186A7A3CAD8}.Debug|x86.Deploy.0 = Debug|Any CPU
		{281397D9-A585-4BB9-A83D-8186A7A3CAD8}.Release|Any CPU.ActiveCfg = Release|Any CPU
		{281397D9-A585-4BB9-A83D-8186A7A3CAD8}.Release|Any CPU.Build.0 = Release|Any CPU
		{281397D9-A585-4BB9-A83D-8186A7A3CAD8}.Release|Any CPU.Deploy.0 = Release|Any CPU
		{281397D9-A585-4BB9-A83D-8186A7A3CAD8}.Release|ARM.ActiveCfg = Release|Any CPU
		{281397D9-A585-4BB9-A83D-8186A7A3CAD8}.Release|ARM.Build.0 = Release|Any CPU
		{281397D9-A585-4BB9-A83D-8186A7A3CAD8}.Release|ARM.Deploy.0 = Release|Any CPU
		{281397D9-A585-4BB9-A83D-8186A7A3CAD8}.Release|iPhone.ActiveCfg = Release|Any CPU
		{281397D9-A585-4BB9-A83D-8186A7A3CAD8}.Release|iPhone.Build.0 = Release|Any CPU
		{281397D9-A585-4BB9-A83D-8186A7A3CAD8}.Release|iPhone.Deploy.0 = Release|Any CPU
		{281397D9-A585-4BB9-A83D-8186A7A3CAD8}.Release|iPhoneSimulator.ActiveCfg = Release|Any CPU
		{281397D9-A585-4BB9-A83D-8186A7A3CAD8}.Release|iPhoneSimulator.Build.0 = Release|Any CPU
		{281397D9-A585-4BB9-A83D-8186A7A3CAD8}.Release|iPhoneSimulator.Deploy.0 = Release|Any CPU
		{281397D9-A585-4BB9-A83D-8186A7A3CAD8}.Release|x64.ActiveCfg = Release|Any CPU
		{281397D9-A585-4BB9-A83D-8186A7A3CAD8}.Release|x64.Build.0 = Release|Any CPU
		{281397D9-A585-4BB9-A83D-8186A7A3CAD8}.Release|x64.Deploy.0 = Release|Any CPU
		{281397D9-A585-4BB9-A83D-8186A7A3CAD8}.Release|x86.ActiveCfg = Release|Any CPU
		{281397D9-A585-4BB9-A83D-8186A7A3CAD8}.Release|x86.Build.0 = Release|Any CPU
		{281397D9-A585-4BB9-A83D-8186A7A3CAD8}.Release|x86.Deploy.0 = Release|Any CPU
		{4254380D-0041-49DF-A2A6-6D04AFAAAAC4}.Ad-Hoc|Any CPU.ActiveCfg = Release|Any CPU
		{4254380D-0041-49DF-A2A6-6D04AFAAAAC4}.Ad-Hoc|Any CPU.Build.0 = Release|Any CPU
		{4254380D-0041-49DF-A2A6-6D04AFAAAAC4}.Ad-Hoc|ARM.ActiveCfg = Release|Any CPU
		{4254380D-0041-49DF-A2A6-6D04AFAAAAC4}.Ad-Hoc|ARM.Build.0 = Release|Any CPU
		{4254380D-0041-49DF-A2A6-6D04AFAAAAC4}.Ad-Hoc|iPhone.ActiveCfg = Release|Any CPU
		{4254380D-0041-49DF-A2A6-6D04AFAAAAC4}.Ad-Hoc|iPhone.Build.0 = Release|Any CPU
		{4254380D-0041-49DF-A2A6-6D04AFAAAAC4}.Ad-Hoc|iPhoneSimulator.ActiveCfg = Release|Any CPU
		{4254380D-0041-49DF-A2A6-6D04AFAAAAC4}.Ad-Hoc|iPhoneSimulator.Build.0 = Release|Any CPU
		{4254380D-0041-49DF-A2A6-6D04AFAAAAC4}.Ad-Hoc|x64.ActiveCfg = Release|Any CPU
		{4254380D-0041-49DF-A2A6-6D04AFAAAAC4}.Ad-Hoc|x64.Build.0 = Release|Any CPU
		{4254380D-0041-49DF-A2A6-6D04AFAAAAC4}.Ad-Hoc|x86.ActiveCfg = Release|Any CPU
		{4254380D-0041-49DF-A2A6-6D04AFAAAAC4}.Ad-Hoc|x86.Build.0 = Release|Any CPU
		{4254380D-0041-49DF-A2A6-6D04AFAAAAC4}.AppStore|Any CPU.ActiveCfg = Release|Any CPU
		{4254380D-0041-49DF-A2A6-6D04AFAAAAC4}.AppStore|Any CPU.Build.0 = Release|Any CPU
		{4254380D-0041-49DF-A2A6-6D04AFAAAAC4}.AppStore|ARM.ActiveCfg = Release|Any CPU
		{4254380D-0041-49DF-A2A6-6D04AFAAAAC4}.AppStore|ARM.Build.0 = Release|Any CPU
		{4254380D-0041-49DF-A2A6-6D04AFAAAAC4}.AppStore|iPhone.ActiveCfg = Release|Any CPU
		{4254380D-0041-49DF-A2A6-6D04AFAAAAC4}.AppStore|iPhone.Build.0 = Release|Any CPU
		{4254380D-0041-49DF-A2A6-6D04AFAAAAC4}.AppStore|iPhoneSimulator.ActiveCfg = Release|Any CPU
		{4254380D-0041-49DF-A2A6-6D04AFAAAAC4}.AppStore|iPhoneSimulator.Build.0 = Release|Any CPU
		{4254380D-0041-49DF-A2A6-6D04AFAAAAC4}.AppStore|x64.ActiveCfg = Release|Any CPU
		{4254380D-0041-49DF-A2A6-6D04AFAAAAC4}.AppStore|x64.Build.0 = Release|Any CPU
		{4254380D-0041-49DF-A2A6-6D04AFAAAAC4}.AppStore|x86.ActiveCfg = Release|Any CPU
		{4254380D-0041-49DF-A2A6-6D04AFAAAAC4}.AppStore|x86.Build.0 = Release|Any CPU
		{4254380D-0041-49DF-A2A6-6D04AFAAAAC4}.Debug|Any CPU.ActiveCfg = Debug|Any CPU
		{4254380D-0041-49DF-A2A6-6D04AFAAAAC4}.Debug|Any CPU.Build.0 = Debug|Any CPU
		{4254380D-0041-49DF-A2A6-6D04AFAAAAC4}.Debug|ARM.ActiveCfg = Debug|Any CPU
		{4254380D-0041-49DF-A2A6-6D04AFAAAAC4}.Debug|ARM.Build.0 = Debug|Any CPU
		{4254380D-0041-49DF-A2A6-6D04AFAAAAC4}.Debug|iPhone.ActiveCfg = Debug|Any CPU
		{4254380D-0041-49DF-A2A6-6D04AFAAAAC4}.Debug|iPhone.Build.0 = Debug|Any CPU
		{4254380D-0041-49DF-A2A6-6D04AFAAAAC4}.Debug|iPhoneSimulator.ActiveCfg = Debug|Any CPU
		{4254380D-0041-49DF-A2A6-6D04AFAAAAC4}.Debug|iPhoneSimulator.Build.0 = Debug|Any CPU
		{4254380D-0041-49DF-A2A6-6D04AFAAAAC4}.Debug|x64.ActiveCfg = Debug|Any CPU
		{4254380D-0041-49DF-A2A6-6D04AFAAAAC4}.Debug|x64.Build.0 = Debug|Any CPU
		{4254380D-0041-49DF-A2A6-6D04AFAAAAC4}.Debug|x86.ActiveCfg = Debug|Any CPU
		{4254380D-0041-49DF-A2A6-6D04AFAAAAC4}.Debug|x86.Build.0 = Debug|Any CPU
		{4254380D-0041-49DF-A2A6-6D04AFAAAAC4}.Release|Any CPU.ActiveCfg = Release|Any CPU
		{4254380D-0041-49DF-A2A6-6D04AFAAAAC4}.Release|Any CPU.Build.0 = Release|Any CPU
		{4254380D-0041-49DF-A2A6-6D04AFAAAAC4}.Release|ARM.ActiveCfg = Release|Any CPU
		{4254380D-0041-49DF-A2A6-6D04AFAAAAC4}.Release|ARM.Build.0 = Release|Any CPU
		{4254380D-0041-49DF-A2A6-6D04AFAAAAC4}.Release|iPhone.ActiveCfg = Release|Any CPU
		{4254380D-0041-49DF-A2A6-6D04AFAAAAC4}.Release|iPhone.Build.0 = Release|Any CPU
		{4254380D-0041-49DF-A2A6-6D04AFAAAAC4}.Release|iPhoneSimulator.ActiveCfg = Release|Any CPU
		{4254380D-0041-49DF-A2A6-6D04AFAAAAC4}.Release|iPhoneSimulator.Build.0 = Release|Any CPU
		{4254380D-0041-49DF-A2A6-6D04AFAAAAC4}.Release|x64.ActiveCfg = Release|Any CPU
		{4254380D-0041-49DF-A2A6-6D04AFAAAAC4}.Release|x64.Build.0 = Release|Any CPU
		{4254380D-0041-49DF-A2A6-6D04AFAAAAC4}.Release|x86.ActiveCfg = Release|Any CPU
		{4254380D-0041-49DF-A2A6-6D04AFAAAAC4}.Release|x86.Build.0 = Release|Any CPU
		{7F66F103-D5F4-40D9-A562-C169646B1EB1}.Ad-Hoc|Any CPU.ActiveCfg = Release|x86
		{7F66F103-D5F4-40D9-A562-C169646B1EB1}.Ad-Hoc|Any CPU.Build.0 = Release|x86
		{7F66F103-D5F4-40D9-A562-C169646B1EB1}.Ad-Hoc|Any CPU.Deploy.0 = Release|x86
		{7F66F103-D5F4-40D9-A562-C169646B1EB1}.Ad-Hoc|ARM.ActiveCfg = Release|ARM
		{7F66F103-D5F4-40D9-A562-C169646B1EB1}.Ad-Hoc|ARM.Build.0 = Release|ARM
		{7F66F103-D5F4-40D9-A562-C169646B1EB1}.Ad-Hoc|ARM.Deploy.0 = Release|ARM
		{7F66F103-D5F4-40D9-A562-C169646B1EB1}.Ad-Hoc|iPhone.ActiveCfg = Release|x86
		{7F66F103-D5F4-40D9-A562-C169646B1EB1}.Ad-Hoc|iPhone.Build.0 = Release|x86
		{7F66F103-D5F4-40D9-A562-C169646B1EB1}.Ad-Hoc|iPhone.Deploy.0 = Release|x86
		{7F66F103-D5F4-40D9-A562-C169646B1EB1}.Ad-Hoc|iPhoneSimulator.ActiveCfg = Release|x86
		{7F66F103-D5F4-40D9-A562-C169646B1EB1}.Ad-Hoc|iPhoneSimulator.Build.0 = Release|x86
		{7F66F103-D5F4-40D9-A562-C169646B1EB1}.Ad-Hoc|iPhoneSimulator.Deploy.0 = Release|x86
		{7F66F103-D5F4-40D9-A562-C169646B1EB1}.Ad-Hoc|x64.ActiveCfg = Release|x64
		{7F66F103-D5F4-40D9-A562-C169646B1EB1}.Ad-Hoc|x64.Build.0 = Release|x64
		{7F66F103-D5F4-40D9-A562-C169646B1EB1}.Ad-Hoc|x64.Deploy.0 = Release|x64
		{7F66F103-D5F4-40D9-A562-C169646B1EB1}.Ad-Hoc|x86.ActiveCfg = Release|x86
		{7F66F103-D5F4-40D9-A562-C169646B1EB1}.Ad-Hoc|x86.Build.0 = Release|x86
		{7F66F103-D5F4-40D9-A562-C169646B1EB1}.Ad-Hoc|x86.Deploy.0 = Release|x86
		{7F66F103-D5F4-40D9-A562-C169646B1EB1}.AppStore|Any CPU.ActiveCfg = Release|x86
		{7F66F103-D5F4-40D9-A562-C169646B1EB1}.AppStore|Any CPU.Build.0 = Release|x86
		{7F66F103-D5F4-40D9-A562-C169646B1EB1}.AppStore|Any CPU.Deploy.0 = Release|x86
		{7F66F103-D5F4-40D9-A562-C169646B1EB1}.AppStore|ARM.ActiveCfg = Release|ARM
		{7F66F103-D5F4-40D9-A562-C169646B1EB1}.AppStore|ARM.Build.0 = Release|ARM
		{7F66F103-D5F4-40D9-A562-C169646B1EB1}.AppStore|ARM.Deploy.0 = Release|ARM
		{7F66F103-D5F4-40D9-A562-C169646B1EB1}.AppStore|iPhone.ActiveCfg = Release|x86
		{7F66F103-D5F4-40D9-A562-C169646B1EB1}.AppStore|iPhone.Build.0 = Release|x86
		{7F66F103-D5F4-40D9-A562-C169646B1EB1}.AppStore|iPhone.Deploy.0 = Release|x86
		{7F66F103-D5F4-40D9-A562-C169646B1EB1}.AppStore|iPhoneSimulator.ActiveCfg = Release|x86
		{7F66F103-D5F4-40D9-A562-C169646B1EB1}.AppStore|iPhoneSimulator.Build.0 = Release|x86
		{7F66F103-D5F4-40D9-A562-C169646B1EB1}.AppStore|iPhoneSimulator.Deploy.0 = Release|x86
		{7F66F103-D5F4-40D9-A562-C169646B1EB1}.AppStore|x64.ActiveCfg = Release|x64
		{7F66F103-D5F4-40D9-A562-C169646B1EB1}.AppStore|x64.Build.0 = Release|x64
		{7F66F103-D5F4-40D9-A562-C169646B1EB1}.AppStore|x64.Deploy.0 = Release|x64
		{7F66F103-D5F4-40D9-A562-C169646B1EB1}.AppStore|x86.ActiveCfg = Release|x86
		{7F66F103-D5F4-40D9-A562-C169646B1EB1}.AppStore|x86.Build.0 = Release|x86
		{7F66F103-D5F4-40D9-A562-C169646B1EB1}.AppStore|x86.Deploy.0 = Release|x86
		{7F66F103-D5F4-40D9-A562-C169646B1EB1}.Debug|Any CPU.ActiveCfg = Debug|x86
		{7F66F103-D5F4-40D9-A562-C169646B1EB1}.Debug|ARM.ActiveCfg = Debug|ARM
		{7F66F103-D5F4-40D9-A562-C169646B1EB1}.Debug|ARM.Build.0 = Debug|ARM
		{7F66F103-D5F4-40D9-A562-C169646B1EB1}.Debug|ARM.Deploy.0 = Debug|ARM
		{7F66F103-D5F4-40D9-A562-C169646B1EB1}.Debug|iPhone.ActiveCfg = Debug|x86
		{7F66F103-D5F4-40D9-A562-C169646B1EB1}.Debug|iPhoneSimulator.ActiveCfg = Debug|x86
		{7F66F103-D5F4-40D9-A562-C169646B1EB1}.Debug|x64.ActiveCfg = Debug|x64
		{7F66F103-D5F4-40D9-A562-C169646B1EB1}.Debug|x64.Build.0 = Debug|x64
		{7F66F103-D5F4-40D9-A562-C169646B1EB1}.Debug|x64.Deploy.0 = Debug|x64
		{7F66F103-D5F4-40D9-A562-C169646B1EB1}.Debug|x86.ActiveCfg = Debug|x86
		{7F66F103-D5F4-40D9-A562-C169646B1EB1}.Debug|x86.Build.0 = Debug|x86
		{7F66F103-D5F4-40D9-A562-C169646B1EB1}.Debug|x86.Deploy.0 = Debug|x86
		{7F66F103-D5F4-40D9-A562-C169646B1EB1}.Release|Any CPU.ActiveCfg = Release|x86
		{7F66F103-D5F4-40D9-A562-C169646B1EB1}.Release|ARM.ActiveCfg = Release|ARM
		{7F66F103-D5F4-40D9-A562-C169646B1EB1}.Release|ARM.Build.0 = Release|ARM
		{7F66F103-D5F4-40D9-A562-C169646B1EB1}.Release|ARM.Deploy.0 = Release|ARM
		{7F66F103-D5F4-40D9-A562-C169646B1EB1}.Release|iPhone.ActiveCfg = Release|x86
		{7F66F103-D5F4-40D9-A562-C169646B1EB1}.Release|iPhoneSimulator.ActiveCfg = Release|x86
		{7F66F103-D5F4-40D9-A562-C169646B1EB1}.Release|x64.ActiveCfg = Release|x64
		{7F66F103-D5F4-40D9-A562-C169646B1EB1}.Release|x64.Build.0 = Release|x64
		{7F66F103-D5F4-40D9-A562-C169646B1EB1}.Release|x64.Deploy.0 = Release|x64
		{7F66F103-D5F4-40D9-A562-C169646B1EB1}.Release|x86.ActiveCfg = Release|x86
		{7F66F103-D5F4-40D9-A562-C169646B1EB1}.Release|x86.Build.0 = Release|x86
		{7F66F103-D5F4-40D9-A562-C169646B1EB1}.Release|x86.Deploy.0 = Release|x86
		{04BEA3D8-188B-48D6-8B91-618345BCEA91}.Ad-Hoc|Any CPU.ActiveCfg = Ad-Hoc|iPhone
		{04BEA3D8-188B-48D6-8B91-618345BCEA91}.Ad-Hoc|ARM.ActiveCfg = Ad-Hoc|iPhone
		{04BEA3D8-188B-48D6-8B91-618345BCEA91}.Ad-Hoc|iPhone.ActiveCfg = Ad-Hoc|iPhone
		{04BEA3D8-188B-48D6-8B91-618345BCEA91}.Ad-Hoc|iPhone.Build.0 = Ad-Hoc|iPhone
		{04BEA3D8-188B-48D6-8B91-618345BCEA91}.Ad-Hoc|iPhoneSimulator.ActiveCfg = Ad-Hoc|iPhoneSimulator
		{04BEA3D8-188B-48D6-8B91-618345BCEA91}.Ad-Hoc|iPhoneSimulator.Build.0 = Ad-Hoc|iPhoneSimulator
		{04BEA3D8-188B-48D6-8B91-618345BCEA91}.Ad-Hoc|x64.ActiveCfg = Ad-Hoc|iPhone
		{04BEA3D8-188B-48D6-8B91-618345BCEA91}.Ad-Hoc|x86.ActiveCfg = Ad-Hoc|iPhone
		{04BEA3D8-188B-48D6-8B91-618345BCEA91}.AppStore|Any CPU.ActiveCfg = AppStore|iPhone
		{04BEA3D8-188B-48D6-8B91-618345BCEA91}.AppStore|ARM.ActiveCfg = AppStore|iPhone
		{04BEA3D8-188B-48D6-8B91-618345BCEA91}.AppStore|iPhone.ActiveCfg = AppStore|iPhone
		{04BEA3D8-188B-48D6-8B91-618345BCEA91}.AppStore|iPhone.Build.0 = AppStore|iPhone
		{04BEA3D8-188B-48D6-8B91-618345BCEA91}.AppStore|iPhoneSimulator.ActiveCfg = AppStore|iPhoneSimulator
		{04BEA3D8-188B-48D6-8B91-618345BCEA91}.AppStore|iPhoneSimulator.Build.0 = AppStore|iPhoneSimulator
		{04BEA3D8-188B-48D6-8B91-618345BCEA91}.AppStore|x64.ActiveCfg = AppStore|iPhone
		{04BEA3D8-188B-48D6-8B91-618345BCEA91}.AppStore|x86.ActiveCfg = AppStore|iPhone
		{04BEA3D8-188B-48D6-8B91-618345BCEA91}.Debug|Any CPU.ActiveCfg = Debug|iPhone
		{04BEA3D8-188B-48D6-8B91-618345BCEA91}.Debug|ARM.ActiveCfg = Debug|iPhone
		{04BEA3D8-188B-48D6-8B91-618345BCEA91}.Debug|iPhone.ActiveCfg = Debug|iPhone
		{04BEA3D8-188B-48D6-8B91-618345BCEA91}.Debug|iPhone.Build.0 = Debug|iPhone
		{04BEA3D8-188B-48D6-8B91-618345BCEA91}.Debug|iPhoneSimulator.ActiveCfg = Debug|iPhoneSimulator
		{04BEA3D8-188B-48D6-8B91-618345BCEA91}.Debug|iPhoneSimulator.Build.0 = Debug|iPhoneSimulator
		{04BEA3D8-188B-48D6-8B91-618345BCEA91}.Debug|x64.ActiveCfg = Debug|iPhone
		{04BEA3D8-188B-48D6-8B91-618345BCEA91}.Debug|x86.ActiveCfg = Debug|iPhone
		{04BEA3D8-188B-48D6-8B91-618345BCEA91}.Release|Any CPU.ActiveCfg = Release|iPhone
		{04BEA3D8-188B-48D6-8B91-618345BCEA91}.Release|ARM.ActiveCfg = Release|iPhone
		{04BEA3D8-188B-48D6-8B91-618345BCEA91}.Release|iPhone.ActiveCfg = Release|iPhone
		{04BEA3D8-188B-48D6-8B91-618345BCEA91}.Release|iPhone.Build.0 = Release|iPhone
		{04BEA3D8-188B-48D6-8B91-618345BCEA91}.Release|iPhoneSimulator.ActiveCfg = Release|iPhoneSimulator
		{04BEA3D8-188B-48D6-8B91-618345BCEA91}.Release|iPhoneSimulator.Build.0 = Release|iPhoneSimulator
		{04BEA3D8-188B-48D6-8B91-618345BCEA91}.Release|x64.ActiveCfg = Release|iPhone
		{04BEA3D8-188B-48D6-8B91-618345BCEA91}.Release|x86.ActiveCfg = Release|iPhone
	EndGlobalSection
	GlobalSection(SolutionProperties) = preSolution
		HideSolutionNode = FALSE
	EndGlobalSection
EndGlobal
